// !$*UTF8*$!
{
	archiveVersion = 1;
	classes = {
	};
	objectVersion = 50;
	objects = {

/* Begin PBXBuildFile section */
		56A42AC322326574005E7C43 /* AppDelegate.swift in Sources */ = {isa = PBXBuildFile; fileRef = 56A42AC222326574005E7C43 /* AppDelegate.swift */; };
		56A42AC522326574005E7C43 /* ViewController.swift in Sources */ = {isa = PBXBuildFile; fileRef = 56A42AC422326574005E7C43 /* ViewController.swift */; };
		56A42AC822326574005E7C43 /* Main.storyboard in Resources */ = {isa = PBXBuildFile; fileRef = 56A42AC622326574005E7C43 /* Main.storyboard */; };
		56A42ACA22326575005E7C43 /* Assets.xcassets in Resources */ = {isa = PBXBuildFile; fileRef = 56A42AC922326575005E7C43 /* Assets.xcassets */; };
		56A42ACD22326575005E7C43 /* LaunchScreen.storyboard in Resources */ = {isa = PBXBuildFile; fileRef = 56A42ACB22326575005E7C43 /* LaunchScreen.storyboard */; };
		56A42B5822326A09005E7C43 /* 01.png in Resources */ = {isa = PBXBuildFile; fileRef = 56A42B5422326A09005E7C43 /* 01.png */; };
		56A42B5922326A09005E7C43 /* 03.png in Resources */ = {isa = PBXBuildFile; fileRef = 56A42B5522326A09005E7C43 /* 03.png */; };
		56A42B5A22326A09005E7C43 /* 04.png in Resources */ = {isa = PBXBuildFile; fileRef = 56A42B5622326A09005E7C43 /* 04.png */; };
		56A42B5B22326A09005E7C43 /* 02.png in Resources */ = {isa = PBXBuildFile; fileRef = 56A42B5722326A09005E7C43 /* 02.png */; };
/* End PBXBuildFile section */

/* Begin PBXFileReference section */
		56A42ABF22326574005E7C43 /* AutoPlayImage.app */ = {isa = PBXFileReference; explicitFileType = wrapper.application; includeInIndex = 0; path = AutoPlayImage.app; sourceTree = BUILT_PRODUCTS_DIR; };
		56A42AC222326574005E7C43 /* AppDelegate.swift */ = {isa = PBXFileReference; lastKnownFileType = sourcecode.swift; path = AppDelegate.swift; sourceTree = "<group>"; };
		56A42AC422326574005E7C43 /* ViewController.swift */ = {isa = PBXFileReference; lastKnownFileType = sourcecode.swift; path = ViewController.swift; sourceTree = "<group>"; };
		56A42AC722326574005E7C43 /* Base */ = {isa = PBXFileReference; lastKnownFileType = file.storyboard; name = Base; path = Base.lproj/Main.storyboard; sourceTree = "<group>"; };
		56A42AC922326575005E7C43 /* Assets.xcassets */ = {isa = PBXFileReference; lastKnownFileType = folder.assetcatalog; path = Assets.xcassets; sourceTree = "<group>"; };
		56A42ACC22326575005E7C43 /* Base */ = {isa = PBXFileReference; lastKnownFileType = file.storyboard; name = Base; path = Base.lproj/LaunchScreen.storyboard; sourceTree = "<group>"; };
		56A42ACE22326575005E7C43 /* Info.plist */ = {isa = PBXFileReference; lastKnownFileType = text.plist.xml; path = Info.plist; sourceTree = "<group>"; };
		56A42B5422326A09005E7C43 /* 01.png */ = {isa = PBXFileReference; lastKnownFileType = image.png; name = 01.png; path = ../../../SwiftUIKit2/AutoPlayImage/AutoPlayImage/01.png; sourceTree = "<group>"; };
		56A42B5522326A09005E7C43 /* 03.png */ = {isa = PBXFileReference; lastKnownFileType = image.png; name = 03.png; path = ../../../SwiftUIKit2/AutoPlayImage/AutoPlayImage/03.png; sourceTree = "<group>"; };
		56A42B5622326A09005E7C43 /* 04.png */ = {isa = PBXFileReference; lastKnownFileType = image.png; name = 04.png; path = ../../../SwiftUIKit2/AutoPlayImage/AutoPlayImage/04.png; sourceTree = "<group>"; };
		56A42B5722326A09005E7C43 /* 02.png */ = {isa = PBXFileReference; lastKnownFileType = image.png; name = 02.png; path = ../../../SwiftUIKit2/AutoPlayImage/AutoPlayImage/02.png; sourceTree = "<group>"; };
/* End PBXFileReference section */

/* Begin PBXFrameworksBuildPhase section */
		56A42ABC22326574005E7C43 /* Frameworks */ = {
			isa = PBXFrameworksBuildPhase;
			buildActionMask = 2147483647;
			files = (
			);
			runOnlyForDeploymentPostprocessing = 0;
		};
/* End PBXFrameworksBuildPhase section */

/* Begin PBXGroup section */
		56A42AB622326574005E7C43 = {
			isa = PBXGroup;
			children = (
				56A42AC122326574005E7C43 /* AutoPlayImage */,
				56A42AC022326574005E7C43 /* Products */,
			);
			sourceTree = "<group>";
		};
		56A42AC022326574005E7C43 /* Products */ = {
			isa = PBXGroup;
			children = (
				56A42ABF22326574005E7C43 /* AutoPlayImage.app */,
			);
			name = Products;
			sourceTree = "<group>";
		};
		56A42AC122326574005E7C43 /* AutoPlayImage */ = {
			isa = PBXGroup;
			children = (
				56A42B5422326A09005E7C43 /* 01.png */,
				56A42B5722326A09005E7C43 /* 02.png */,
				56A42B5522326A09005E7C43 /* 03.png */,
				56A42B5622326A09005E7C43 /* 04.png */,
				56A42AC222326574005E7C43 /* AppDelegate.swift */,
				56A42AC422326574005E7C43 /* ViewController.swift */,
				56A42AC622326574005E7C43 /* Main.storyboard */,
				56A42AC922326575005E7C43 /* Assets.xcassets */,
				56A42ACB22326575005E7C43 /* LaunchScreen.storyboard */,
				56A42ACE22326575005E7C43 /* Info.plist */,
			);
			path = AutoPlayImage;
			sourceTree = "<group>";
		};
/* End PBXGroup section */

/* Begin PBXNativeTarget section */
		56A42ABE22326574005E7C43 /* AutoPlayImage */ = {
			isa = PBXNativeTarget;
			buildConfigurationList = 56A42AD122326575005E7C43 /* Build configuration list for PBXNativeTarget "AutoPlayImage" */;
			buildPhases = (
				56A42ABB22326574005E7C43 /* Sources */,
				56A42ABC22326574005E7C43 /* Frameworks */,
				56A42ABD22326574005E7C43 /* Resources */,
			);
			buildRules = (
			);
			dependencies = (
			);
			name = AutoPlayImage;
			productName = AutoPlayImage;
			productReference = 56A42ABF22326574005E7C43 /* AutoPlayImage.app */;
			productType = "com.apple.product-type.application";
		};
/* End PBXNativeTarget section */

/* Begin PBXProject section */
		56A42AB722326574005E7C43 /* Project object */ = {
			isa = PBXProject;
			attributes = {
				LastSwiftUpdateCheck = 1010;
				LastUpgradeCheck = 1010;
				ORGANIZATIONNAME = LeoZhou;
				TargetAttributes = {
					56A42ABE22326574005E7C43 = {
						CreatedOnToolsVersion = 10.1;
					};
				};
			};
			buildConfigurationList = 56A42ABA22326574005E7C43 /* Build configuration list for PBXProject "AutoPlayImage" */;
			compatibilityVersion = "Xcode 9.3";
			developmentRegion = en;
			hasScannedForEncodings = 0;
			knownRegions = (
				en,
				Base,
			);
			mainGroup = 56A42AB622326574005E7C43;
			productRefGroup = 56A42AC022326574005E7C43 /* Products */;
			projectDirPath = "";
			projectRoot = "";
			targets = (
				56A42ABE22326574005E7C43 /* AutoPlayImage */,
			);
		};
/* End PBXProject section */

/* Begin PBXResourcesBuildPhase section */
		56A42ABD22326574005E7C43 /* Resources */ = {
			isa = PBXResourcesBuildPhase;
			buildActionMask = 2147483647;
			files = (
				56A42B5922326A09005E7C43 /* 03.png in Resources */,
				56A42ACD22326575005E7C43 /* LaunchScreen.storyboard in Resources */,
				56A42ACA22326575005E7C43 /* Assets.xcassets in Resources */,
				56A42B5B22326A09005E7C43 /* 02.png in Resources */,
				56A42B5A22326A09005E7C43 /* 04.png in Resources */,
				56A42B5822326A09005E7C43 /* 01.png in Resources */,
				56A42AC822326574005E7C43 /* Main.storyboard in Resources */,
			);
			runOnlyForDeploymentPostprocessing = 0;
		};
/* End PBXResourcesBuildPhase section */

/* Begin PBXSourcesBuildPhase section */
		56A42ABB22326574005E7C43 /* Sources */ = {
			isa = PBXSourcesBuildPhase;
			buildActionMask = 2147483647;
			files = (
				56A42AC522326574005E7C43 /* ViewController.swift in Sources */,
				56A42AC322326574005E7C43 /* AppDelegate.swift in Sources */,
			);
			runOnlyForDeploymentPostprocessing = 0;
		};
/* End PBXSourcesBuildPhase section */

/* Begin PBXVariantGroup section */
		56A42AC622326574005E7C43 /* Main.storyboard */ = {
			isa = PBXVariantGroup;
			children = (
				56A42AC722326574005E7C43 /* Base */,
			);
			name = Main.storyboard;
			sourceTree = "<group>";
		};
		56A42ACB22326575005E7C43 /* LaunchScreen.storyboard */ = {
			isa = PBXVariantGroup;
			children = (
				56A42ACC22326575005E7C43 /* Base */,
			);
			name = LaunchScreen.storyboard;
			sourceTree = "<group>";
		};
/* End PBXVariantGroup section */

/* Begin XCBuildConfiguration section */
		56A42ACF22326575005E7C43 /* Debug */ = {
			isa = XCBuildConfiguration;
			buildSettings = {
				ALWAYS_SEARCH_USER_PATHS = NO;
				CLANG_ANALYZER_NONNULL = YES;
				CLANG_ANALYZER_NUMBER_OBJECT_CONVERSION = YES_AGGRESSIVE;
				CLANG_CXX_LANGUAGE_STANDARD = "gnu++14";
				CLANG_CXX_LIBRARY = "libc++";
				CLANG_ENABLE_MODULES = YES;
				CLANG_ENABLE_OBJC_ARC = YES;
				CLANG_ENABLE_OBJC_WEAK = YES;
				CLANG_WARN_BLOCK_CAPTURE_AUTORELEASING = YES;
				CLANG_WARN_BOOL_CONVERSION = YES;
				CLANG_WARN_COMMA = YES;
				CLANG_WARN_CONSTANT_CONVERSION = YES;
				CLANG_WARN_DEPRECATED_OBJC_IMPLEMENTATIONS = YES;
				CLANG_WARN_DIRECT_OBJC_ISA_USAGE = YES_ERROR;
				CLANG_WARN_DOCUMENTATION_COMMENTS = YES;
				CLANG_WARN_EMPTY_BODY = YES;
				CLANG_WARN_ENUM_CONVERSION = YES;
				CLANG_WARN_INFINITE_RECURSION = YES;
				CLANG_WARN_INT_CONVERSION = YES;
				CLANG_WARN_NON_LITERAL_NULL_CONVERSION = YES;
				CLANG_WARN_OBJC_IMPLICIT_RETAIN_SELF = YES;
				CLANG_WARN_OBJC_LITERAL_CONVERSION = YES;
				CLANG_WARN_OBJC_ROOT_CLASS = YES_ERROR;
				CLANG_WARN_RANGE_LOOP_ANALYSIS = YES;
				CLANG_WARN_STRICT_PROTOTYPES = YES;
				CLANG_WARN_SUSPICIOUS_MOVE = YES;
				CLANG_WARN_UNGUARDED_AVAILABILITY = YES_AGGRESSIVE;
				CLANG_WARN_UNREACHABLE_CODE = YES;
				CLANG_WARN__DUPLICATE_METHOD_MATCH = YES;
				CODE_SIGN_IDENTITY = "iPhone Developer";
				COPY_PHASE_STRIP = NO;
				DEBUG_INFORMATION_FORMAT = dwarf;
				ENABLE_STRICT_OBJC_MSGSEND = YES;
				ENABLE_TESTABILITY = YES;
				GCC_C_LANGUAGE_STANDARD = gnu11;
				GCC_DYNAMIC_NO_PIC = NO;
				GCC_NO_COMMON_BLOCKS = YES;
				GCC_OPTIMIZATION_LEVEL = 0;
				GCC_PREPROCESSOR_DEFINITIONS = (
					"DEBUG=1",
					"$(inherited)",
				);
				GCC_WARN_64_TO_32_BIT_CONVERSION = YES;
				GCC_WARN_ABOUT_RETURN_TYPE = YES_ERROR;
				GCC_WARN_UNDECLARED_SELECTOR = YES;
				GCC_WARN_UNINITIALIZED_AUTOS = YES_AGGRESSIVE;
				GCC_WARN_UNUSED_FUNCTION = YES;
				GCC_WARN_UNUSED_VARIABLE = YES;
				IPHONEOS_DEPLOYMENT_TARGET = 12.1;
				MTL_ENABLE_DEBUG_INFO = INCLUDE_SOURCE;
				MTL_FAST_MATH = YES;
				ONLY_ACTIVE_ARCH = YES;
				SDKROOT = iphoneos;
				SWIFT_ACTIVE_COMPILATION_CONDITIONS = DEBUG;
				SWIFT_OPTIMIZATION_LEVEL = "-Onone";
			};
			name = Debug;
		};
		56A42AD022326575005E7C43 /* Release */ = {
			isa = XCBuildConfiguration;
			buildSettings = {
				ALWAYS_SEARCH_USER_PATHS = NO;
				CLANG_ANALYZER_NONNULL = YES;
				CLANG_ANALYZER_NUMBER_OBJECT_CONVERSION = YES_AGGRESSIVE;
				CLANG_CXX_LANGUAGE_STANDARD = "gnu++14";
				CLANG_CXX_LIBRARY = "libc++";
				CLANG_ENABLE_MODULES = YES;
				CLANG_ENABLE_OBJC_ARC = YES;
				CLANG_ENABLE_OBJC_WEAK = YES;
				CLANG_WARN_BLOCK_CAPTURE_AUTORELEASING = YES;
				CLANG_WARN_BOOL_CONVERSION = YES;
				CLANG_WARN_COMMA = YES;
				CLANG_WARN_CONSTANT_CONVERSION = YES;
				CLANG_WARN_DEPRECATED_OBJC_IMPLEMENTATIONS = YES;
				CLANG_WARN_DIRECT_OBJC_ISA_USAGE = YES_ERROR;
				CLANG_WARN_DOCUMENTATION_COMMENTS = YES;
				CLANG_WARN_EMPTY_BODY = YES;
				CLANG_WARN_ENUM_CONVERSION = YES;
				CLANG_WARN_INFINITE_RECURSION = YES;
				CLANG_WARN_INT_CONVERSION = YES;
				CLANG_WARN_NON_LITERAL_NULL_CONVERSION = YES;
				CLANG_WARN_OBJC_IMPLICIT_RETAIN_SELF = YES;
				CLANG_WARN_OBJC_LITERAL_CONVERSION = YES;
				CLANG_WARN_OBJC_ROOT_CLASS = YES_ERROR;
				CLANG_WARN_RANGE_LOOP_ANALYSIS = YES;
				CLANG_WARN_STRICT_PROTOTYPES = YES;
				CLANG_WARN_SUSPICIOUS_MOVE = YES;
				CLANG_WARN_UNGUARDED_AVAILABILITY = YES_AGGRESSIVE;
				CLANG_WARN_UNREACHABLE_CODE = YES;
				CLANG_WARN__DUPLICATE_METHOD_MATCH = YES;
				CODE_SIGN_IDENTITY = "iPhone Developer";
				COPY_PHASE_STRIP = NO;
				DEBUG_INFORMATION_FORMAT = "dwarf-with-dsym";
				ENABLE_NS_ASSERTIONS = NO;
				ENABLE_STRICT_OBJC_MSGSEND = YES;
				GCC_C_LANGUAGE_STANDARD = gnu11;
				GCC_NO_COMMON_BLOCKS = YES;
				GCC_WARN_64_TO_32_BIT_CONVERSION = YES;
				GCC_WARN_ABOUT_RETURN_TYPE = YES_ERROR;
				GCC_WARN_UNDECLARED_SELECTOR = YES;
				GCC_WARN_UNINITIALIZED_AUTOS = YES_AGGRESSIVE;
				GCC_WARN_UNUSED_FUNCTION = YES;
				GCC_WARN_UNUSED_VARIABLE = YES;
				IPHONEOS_DEPLOYMENT_TARGET = 12.1;
				MTL_ENABLE_DEBUG_INFO = NO;
				MTL_FAST_MATH = YES;
				SDKROOT = iphoneos;
				SWIFT_COMPILATION_MODE = wholemodule;
				SWIFT_OPTIMIZATION_LEVEL = "-O";
				VALIDATE_PRODUCT = YES;
			};
			name = Release;
		};
		56A42AD222326575005E7C43 /* Debug */ = {
			isa = XCBuildConfiguration;
			buildSettings = {
				ASSETCATALOG_COMPILER_APPICON_NAME = AppIcon;
				CODE_SIGN_STYLE = Automatic;
				DEVELOPMENT_TEAM = B3ALGDS99C;
				INFOPLIST_FILE = AutoPlayImage/Info.plist;
				LD_RUNPATH_SEARCH_PATHS = (
					"$(inherited)",
					"@executable_path/Frameworks",
				);
				PRODUCT_BUNDLE_IDENTIFIER = Practice.AutoPlayImage;
				PRODUCT_NAME = "$(TARGET_NAME)";
				SWIFT_VERSION = 4.2;
				TARGETED_DEVICE_FAMILY = "1,2";
			};
			name = Debug;
		};
		56A42AD322326575005E7C43 /* Release */ = {
			isa = XCBuildConfiguration;
			buildSettings = {
				ASSETCATALOG_COMPILER_APPICON_NAME = AppIcon;
				CODE_SIGN_STYLE = Automatic;
				DEVELOPMENT_TEAM = B3ALGDS99C;
				INFOPLIST_FILE = AutoPlayImage/Info.plist;
				LD_RUNPATH_SEARCH_PATHS = (
					"$(inherited)",
					"@executable_path/Frameworks",
				);
				PRODUCT_BUNDLE_IDENTIFIER = Practice.AutoPlayImage;
				PRODUCT_NAME = "$(TARGET_NAME)";
				SWIFT_VERSION = 4.2;
				TARGETED_DEVICE_FAMILY = "1,2";
			};
			name = Release;
		};
/* End XCBuildConfiguration section */

/* Begin XCConfigurationList section */
		56A42ABA22326574005E7C43 /* Build configuration list for PBXProject "AutoPlayImage" */ = {
			isa = XCConfigurationList;
			buildConfigurations = (
				56A42ACF22326575005E7C43 /* Debug */,
				56A42AD022326575005E7C43 /* Release */,
			);
			defaultConfigurationIsVisible = 0;
			defaultConfigurationName = Release;
		};
		56A42AD122326575005E7C43 /* Build configuration list for PBXNativeTarget "AutoPlayImage" */ = {
			isa = XCConfigurationList;
			buildConfigurations = (
				56A42AD222326575005E7C43 /* Debug */,
				56A42AD322326575005E7C43 /* Release */,
			);
			defaultConfigurationIsVisible = 0;
			defaultConfigurationName = Release;
		};
/* End XCConfigurationList section */
	};
	rootObject = 56A42AB722326574005E7C43 /* Project object */;
}
